// !$*UTF8*$!
{
	archiveVersion = 1;
	classes = {
	};
	objectVersion = 56;
	objects = {

/* Begin PBXBuildFile section */
		8E11604C2D7482DD0097774B /* RoleDTO.swift in Sources */ = {isa = PBXBuildFile; fileRef = 8E11604B2D7482DD0097774B /* RoleDTO.swift */; };
		8E11604E2D7482F90097774B /* LessonTypeDTO.swift in Sources */ = {isa = PBXBuildFile; fileRef = 8E11604D2D7482F90097774B /* LessonTypeDTO.swift */; };
		8E1160502D7483280097774B /* UserDetailDTO.swift in Sources */ = {isa = PBXBuildFile; fileRef = 8E11604F2D7483280097774B /* UserDetailDTO.swift */; };
		8E1160522D7483A30097774B /* UserDTO.swift in Sources */ = {isa = PBXBuildFile; fileRef = 8E1160512D7483A30097774B /* UserDTO.swift */; };
		8E1160542D7484240097774B /* LessonDTO.swift in Sources */ = {isa = PBXBuildFile; fileRef = 8E1160532D7484240097774B /* LessonDTO.swift */; };
		8E1160582D7485D00097774B /* LessonTypeDataSource.swift in Sources */ = {isa = PBXBuildFile; fileRef = 8E1160572D7485D00097774B /* LessonTypeDataSource.swift */; };
		8E11605A2D7486190097774B /* UserDetailDataSource.swift in Sources */ = {isa = PBXBuildFile; fileRef = 8E1160592D7486190097774B /* UserDetailDataSource.swift */; };
		8E11605C2D74865B0097774B /* UserDataSource.swift in Sources */ = {isa = PBXBuildFile; fileRef = 8E11605B2D74865B0097774B /* UserDataSource.swift */; };
		8E11605E2D7486FD0097774B /* RoleDataSource.swift in Sources */ = {isa = PBXBuildFile; fileRef = 8E11605D2D7486FD0097774B /* RoleDataSource.swift */; };
		8E1160602D7488300097774B /* LessonDataSource.swift in Sources */ = {isa = PBXBuildFile; fileRef = 8E11605F2D7488300097774B /* LessonDataSource.swift */; };
		8E1297E42D777A17009102FD /* TeachMEAPIDataSource.swift in Sources */ = {isa = PBXBuildFile; fileRef = 8E1297E32D777A17009102FD /* TeachMEAPIDataSource.swift */; };
		8E180D2C2D5271E100327E29 /* Tab.swift in Sources */ = {isa = PBXBuildFile; fileRef = 8E180D2B2D5271E100327E29 /* Tab.swift */; };
		8E180D2E2D5272FA00327E29 /* TabRouter.swift in Sources */ = {isa = PBXBuildFile; fileRef = 8E180D2D2D5272FA00327E29 /* TabRouter.swift */; };
		8E20F5712D4B83A1007B3154 /* LessonPickScreen.swift in Sources */ = {isa = PBXBuildFile; fileRef = 8E20F5702D4B83A1007B3154 /* LessonPickScreen.swift */; };
		8E20F5732D4B8425007B3154 /* LessonPickScreenViewModel.swift in Sources */ = {isa = PBXBuildFile; fileRef = 8E20F5722D4B8425007B3154 /* LessonPickScreenViewModel.swift */; };
		8E20F5772D4B8C9C007B3154 /* UserCard.swift in Sources */ = {isa = PBXBuildFile; fileRef = 8E20F5762D4B8C9C007B3154 /* UserCard.swift */; };
		8E20F5792D4B8CAA007B3154 /* UserItem.swift in Sources */ = {isa = PBXBuildFile; fileRef = 8E20F5782D4B8CAA007B3154 /* UserItem.swift */; };
		8E29828B2D4A347500588D8E /* LessonListScreen.swift in Sources */ = {isa = PBXBuildFile; fileRef = 8E29828A2D4A347500588D8E /* LessonListScreen.swift */; };
		8E29828D2D4A381600588D8E /* Header.swift in Sources */ = {isa = PBXBuildFile; fileRef = 8E29828C2D4A381600588D8E /* Header.swift */; };
		8E2982902D4A38CF00588D8E /* LessonListScreenViewModel.swift in Sources */ = {isa = PBXBuildFile; fileRef = 8E29828F2D4A38CF00588D8E /* LessonListScreenViewModel.swift */; };
		8E3427AD2D3E649900A38A2D /* Fonts.swift in Sources */ = {isa = PBXBuildFile; fileRef = 8E3427AC2D3E649900A38A2D /* Fonts.swift */; };
		8E4D0F8B2D50B9A3007F57B8 /* ActionButton.swift in Sources */ = {isa = PBXBuildFile; fileRef = 8E4D0F8A2D50B9A3007F57B8 /* ActionButton.swift */; };
		8E5F20142D5DE76C00BE9C24 /* HomeRouter.swift in Sources */ = {isa = PBXBuildFile; fileRef = 8E5F20132D5DE76C00BE9C24 /* HomeRouter.swift */; };
		8E5F20172D5DEDA000BE9C24 /* LessonForm.swift in Sources */ = {isa = PBXBuildFile; fileRef = 8E5F20162D5DEDA000BE9C24 /* LessonForm.swift */; };
		8E5F201C2D5DEE2900BE9C24 /* LessonFormViewModel.swift in Sources */ = {isa = PBXBuildFile; fileRef = 8E5F201B2D5DEE2900BE9C24 /* LessonFormViewModel.swift */; };
		8E65F7452D3D2BDF00D3A793 /* TeachMEApp.swift in Sources */ = {isa = PBXBuildFile; fileRef = 8E65F7442D3D2BDF00D3A793 /* TeachMEApp.swift */; };
		8E65F7472D3D2BDF00D3A793 /* ContentView.swift in Sources */ = {isa = PBXBuildFile; fileRef = 8E65F7462D3D2BDF00D3A793 /* ContentView.swift */; };
		8E65F7492D3D2BE100D3A793 /* Assets.xcassets in Resources */ = {isa = PBXBuildFile; fileRef = 8E65F7482D3D2BE100D3A793 /* Assets.xcassets */; };
		8E65F74C2D3D2BE100D3A793 /* Preview Assets.xcassets in Resources */ = {isa = PBXBuildFile; fileRef = 8E65F74B2D3D2BE100D3A793 /* Preview Assets.xcassets */; };
		8E6D1C8A2D67344400C400C4 /* FormType.swift in Sources */ = {isa = PBXBuildFile; fileRef = 8E6D1C892D67344400C400C4 /* FormType.swift */; };
		8E6D1C8C2D673A1900C400C4 /* DateFormatter+toDate.swift in Sources */ = {isa = PBXBuildFile; fileRef = 8E6D1C8B2D673A1900C400C4 /* DateFormatter+toDate.swift */; };
		8E6D1C8F2D673A9300C400C4 /* DateFormatter+toString.swift in Sources */ = {isa = PBXBuildFile; fileRef = 8E6D1C8E2D673A9300C400C4 /* DateFormatter+toString.swift */; };
		8E75D4392D3E233F0082F5FE /* RegisterForm.swift in Sources */ = {isa = PBXBuildFile; fileRef = 8E75D4382D3E233F0082F5FE /* RegisterForm.swift */; };
		8E75D4412D3E268B0082F5FE /* Role.swift in Sources */ = {isa = PBXBuildFile; fileRef = 8E75D4402D3E268B0082F5FE /* Role.swift */; };
		8E75D4432D3E2DF90082F5FE /* AuthScreen.swift in Sources */ = {isa = PBXBuildFile; fileRef = 8E75D4422D3E2DF90082F5FE /* AuthScreen.swift */; };
		8E75D4462D3E2ED20082F5FE /* Colors.swift in Sources */ = {isa = PBXBuildFile; fileRef = 8E75D4452D3E2ED20082F5FE /* Colors.swift */; };
		8E7EBE4B2D3E3A1800C7C017 /* AuthScreenViewModel.swift in Sources */ = {isa = PBXBuildFile; fileRef = 8E7EBE4A2D3E3A1800C7C017 /* AuthScreenViewModel.swift */; };
		8E7EBE4E2D3E3AE500C7C017 /* RegisterFormViewModel.swift in Sources */ = {isa = PBXBuildFile; fileRef = 8E7EBE4D2D3E3AE500C7C017 /* RegisterFormViewModel.swift */; };
		8E7EBE512D3E409500C7C017 /* StyledTextField.swift in Sources */ = {isa = PBXBuildFile; fileRef = 8E7EBE502D3E409500C7C017 /* StyledTextField.swift */; };
		8E7EBE532D3E417100C7C017 /* Spacings.swift in Sources */ = {isa = PBXBuildFile; fileRef = 8E7EBE522D3E417100C7C017 /* Spacings.swift */; };
		8E7EBE552D3E420200C7C017 /* Radiuses.swift in Sources */ = {isa = PBXBuildFile; fileRef = 8E7EBE542D3E420200C7C017 /* Radiuses.swift */; };
		8E84E27A2D424AF400CB8C05 /* FormTitle.swift in Sources */ = {isa = PBXBuildFile; fileRef = 8E84E2792D424AF400CB8C05 /* FormTitle.swift */; };
		8E84E27C2D424B8000CB8C05 /* Theme.swift in Sources */ = {isa = PBXBuildFile; fileRef = 8E84E27B2D424B8000CB8C05 /* Theme.swift */; };
		8E84E27E2D42524E00CB8C05 /* SwitchFormText.swift in Sources */ = {isa = PBXBuildFile; fileRef = 8E84E27D2D42524E00CB8C05 /* SwitchFormText.swift */; };
		8E84E2802D42531D00CB8C05 /* SubmitButton.swift in Sources */ = {isa = PBXBuildFile; fileRef = 8E84E27F2D42531D00CB8C05 /* SubmitButton.swift */; };
		8E863BA02D3F7617001773F4 /* LoginForm.swift in Sources */ = {isa = PBXBuildFile; fileRef = 8E863B9F2D3F7617001773F4 /* LoginForm.swift */; };
		8E863BA22D3F76A8001773F4 /* LoginFormViewModel.swift in Sources */ = {isa = PBXBuildFile; fileRef = 8E863BA12D3F76A8001773F4 /* LoginFormViewModel.swift */; };
		8E866E7E2D58E9C8007FAE6B /* EditProfileForm.swift in Sources */ = {isa = PBXBuildFile; fileRef = 8E866E7D2D58E9C8007FAE6B /* EditProfileForm.swift */; };
		8E866E832D58EB2C007FAE6B /* EditProfileFormViewModel.swift in Sources */ = {isa = PBXBuildFile; fileRef = 8E866E822D58EB2C007FAE6B /* EditProfileFormViewModel.swift */; };
		8E9669CB2D48AEEA00B5D6BA /* LessonItem.swift in Sources */ = {isa = PBXBuildFile; fileRef = 8E9669CA2D48AEEA00B5D6BA /* LessonItem.swift */; };
		8E99E78A2D71AD5C00CF9CC8 /* APIDataSource.swift in Sources */ = {isa = PBXBuildFile; fileRef = 8E99E7892D71AD5C00CF9CC8 /* APIDataSource.swift */; };
		8E99E78C2D71AEE500CF9CC8 /* HTTPClient.swift in Sources */ = {isa = PBXBuildFile; fileRef = 8E99E78B2D71AEE500CF9CC8 /* HTTPClient.swift */; };
		8E99E78F2D71B02400CF9CC8 /* DataSourceError.swift in Sources */ = {isa = PBXBuildFile; fileRef = 8E99E78E2D71B02400CF9CC8 /* DataSourceError.swift */; };
		8E99E7912D71BD3900CF9CC8 /* DataTransferObject.swift in Sources */ = {isa = PBXBuildFile; fileRef = 8E99E7902D71BD3900CF9CC8 /* DataTransferObject.swift */; };
		8E9E51BC2D7975870035E4E3 /* HTTPMethod.swift in Sources */ = {isa = PBXBuildFile; fileRef = 8E9E51BB2D7975870035E4E3 /* HTTPMethod.swift */; };
		8E9E51BE2D7975D40035E4E3 /* URLRequestBuilder.swift in Sources */ = {isa = PBXBuildFile; fileRef = 8E9E51BD2D7975D40035E4E3 /* URLRequestBuilder.swift */; };
		8EB0934D2D7C810C0073C0F6 /* Repository.swift in Sources */ = {isa = PBXBuildFile; fileRef = 8EB0934C2D7C810C0073C0F6 /* Repository.swift */; };
		8EB093502D7C81590073C0F6 /* Model.swift in Sources */ = {isa = PBXBuildFile; fileRef = 8EB0934F2D7C81590073C0F6 /* Model.swift */; };
		8EB093522D7C828F0073C0F6 /* RoleModel.swift in Sources */ = {isa = PBXBuildFile; fileRef = 8EB093512D7C828F0073C0F6 /* RoleModel.swift */; };
		8EB093542D7C82AE0073C0F6 /* LessonTypeModel.swift in Sources */ = {isa = PBXBuildFile; fileRef = 8EB093532D7C82AE0073C0F6 /* LessonTypeModel.swift */; };
		8EB093562D7C82D30073C0F6 /* UserDetailModel.swift in Sources */ = {isa = PBXBuildFile; fileRef = 8EB093552D7C82D30073C0F6 /* UserDetailModel.swift */; };
		8EB093582D7C83050073C0F6 /* UserModel.swift in Sources */ = {isa = PBXBuildFile; fileRef = 8EB093572D7C83050073C0F6 /* UserModel.swift */; };
		8EB0935A2D7C83290073C0F6 /* LessonModel.swift in Sources */ = {isa = PBXBuildFile; fileRef = 8EB093592D7C83290073C0F6 /* LessonModel.swift */; };
		8EC1D32D2D475B5500987973 /* LessonCard.swift in Sources */ = {isa = PBXBuildFile; fileRef = 8EC1D32C2D475B5400987973 /* LessonCard.swift */; };
		8EDBFF1C2D57A7BF008441D6 /* ProfileScreen.swift in Sources */ = {isa = PBXBuildFile; fileRef = 8EDBFF1B2D57A7BF008441D6 /* ProfileScreen.swift */; };
		8EDBFF1E2D57A807008441D6 /* ProfileScreenViewModel.swift in Sources */ = {isa = PBXBuildFile; fileRef = 8EDBFF1D2D57A807008441D6 /* ProfileScreenViewModel.swift */; };
		8EDBFF202D57A9C4008441D6 /* ProfileRouter.swift in Sources */ = {isa = PBXBuildFile; fileRef = 8EDBFF1F2D57A9C4008441D6 /* ProfileRouter.swift */; };
		8EFED0662D50A1F900046F1D /* Router.swift in Sources */ = {isa = PBXBuildFile; fileRef = 8EFED0652D50A1F900046F1D /* Router.swift */; };
		8EFED0682D50A2BB00046F1D /* Destination.swift in Sources */ = {isa = PBXBuildFile; fileRef = 8EFED0672D50A2BB00046F1D /* Destination.swift */; };
		8EFED06D2D50A71500046F1D /* RouterView.swift in Sources */ = {isa = PBXBuildFile; fileRef = 8EFED06C2D50A71500046F1D /* RouterView.swift */; };
/* End PBXBuildFile section */

/* Begin PBXFileReference section */
		8E11604B2D7482DD0097774B /* RoleDTO.swift */ = {isa = PBXFileReference; lastKnownFileType = sourcecode.swift; path = RoleDTO.swift; sourceTree = "<group>"; };
		8E11604D2D7482F90097774B /* LessonTypeDTO.swift */ = {isa = PBXFileReference; lastKnownFileType = sourcecode.swift; path = LessonTypeDTO.swift; sourceTree = "<group>"; };
		8E11604F2D7483280097774B /* UserDetailDTO.swift */ = {isa = PBXFileReference; lastKnownFileType = sourcecode.swift; path = UserDetailDTO.swift; sourceTree = "<group>"; };
		8E1160512D7483A30097774B /* UserDTO.swift */ = {isa = PBXFileReference; lastKnownFileType = sourcecode.swift; path = UserDTO.swift; sourceTree = "<group>"; };
		8E1160532D7484240097774B /* LessonDTO.swift */ = {isa = PBXFileReference; lastKnownFileType = sourcecode.swift; path = LessonDTO.swift; sourceTree = "<group>"; };
		8E1160572D7485D00097774B /* LessonTypeDataSource.swift */ = {isa = PBXFileReference; lastKnownFileType = sourcecode.swift; path = LessonTypeDataSource.swift; sourceTree = "<group>"; };
		8E1160592D7486190097774B /* UserDetailDataSource.swift */ = {isa = PBXFileReference; lastKnownFileType = sourcecode.swift; path = UserDetailDataSource.swift; sourceTree = "<group>"; };
		8E11605B2D74865B0097774B /* UserDataSource.swift */ = {isa = PBXFileReference; lastKnownFileType = sourcecode.swift; path = UserDataSource.swift; sourceTree = "<group>"; };
		8E11605D2D7486FD0097774B /* RoleDataSource.swift */ = {isa = PBXFileReference; lastKnownFileType = sourcecode.swift; path = RoleDataSource.swift; sourceTree = "<group>"; };
		8E11605F2D7488300097774B /* LessonDataSource.swift */ = {isa = PBXFileReference; lastKnownFileType = sourcecode.swift; path = LessonDataSource.swift; sourceTree = "<group>"; };
		8E1297E32D777A17009102FD /* TeachMEAPIDataSource.swift */ = {isa = PBXFileReference; lastKnownFileType = sourcecode.swift; path = TeachMEAPIDataSource.swift; sourceTree = "<group>"; };
		8E180D2B2D5271E100327E29 /* Tab.swift */ = {isa = PBXFileReference; lastKnownFileType = sourcecode.swift; path = Tab.swift; sourceTree = "<group>"; };
		8E180D2D2D5272FA00327E29 /* TabRouter.swift */ = {isa = PBXFileReference; lastKnownFileType = sourcecode.swift; path = TabRouter.swift; sourceTree = "<group>"; };
		8E20F5702D4B83A1007B3154 /* LessonPickScreen.swift */ = {isa = PBXFileReference; lastKnownFileType = sourcecode.swift; path = LessonPickScreen.swift; sourceTree = "<group>"; };
		8E20F5722D4B8425007B3154 /* LessonPickScreenViewModel.swift */ = {isa = PBXFileReference; lastKnownFileType = sourcecode.swift; path = LessonPickScreenViewModel.swift; sourceTree = "<group>"; };
		8E20F5762D4B8C9C007B3154 /* UserCard.swift */ = {isa = PBXFileReference; lastKnownFileType = sourcecode.swift; path = UserCard.swift; sourceTree = "<group>"; };
		8E20F5782D4B8CAA007B3154 /* UserItem.swift */ = {isa = PBXFileReference; lastKnownFileType = sourcecode.swift; path = UserItem.swift; sourceTree = "<group>"; };
		8E29828A2D4A347500588D8E /* LessonListScreen.swift */ = {isa = PBXFileReference; lastKnownFileType = sourcecode.swift; path = LessonListScreen.swift; sourceTree = "<group>"; };
		8E29828C2D4A381600588D8E /* Header.swift */ = {isa = PBXFileReference; lastKnownFileType = sourcecode.swift; path = Header.swift; sourceTree = "<group>"; };
		8E29828F2D4A38CF00588D8E /* LessonListScreenViewModel.swift */ = {isa = PBXFileReference; lastKnownFileType = sourcecode.swift; path = LessonListScreenViewModel.swift; sourceTree = "<group>"; };
		8E3427AC2D3E649900A38A2D /* Fonts.swift */ = {isa = PBXFileReference; lastKnownFileType = sourcecode.swift; path = Fonts.swift; sourceTree = "<group>"; };
		8E4D0F8A2D50B9A3007F57B8 /* ActionButton.swift */ = {isa = PBXFileReference; lastKnownFileType = sourcecode.swift; path = ActionButton.swift; sourceTree = "<group>"; };
		8E5F20132D5DE76C00BE9C24 /* HomeRouter.swift */ = {isa = PBXFileReference; lastKnownFileType = sourcecode.swift; path = HomeRouter.swift; sourceTree = "<group>"; };
		8E5F20162D5DEDA000BE9C24 /* LessonForm.swift */ = {isa = PBXFileReference; lastKnownFileType = sourcecode.swift; path = LessonForm.swift; sourceTree = "<group>"; };
		8E5F201B2D5DEE2900BE9C24 /* LessonFormViewModel.swift */ = {isa = PBXFileReference; lastKnownFileType = sourcecode.swift; path = LessonFormViewModel.swift; sourceTree = "<group>"; };
		8E65F7412D3D2BDF00D3A793 /* TeachME.app */ = {isa = PBXFileReference; explicitFileType = wrapper.application; includeInIndex = 0; path = TeachME.app; sourceTree = BUILT_PRODUCTS_DIR; };
		8E65F7442D3D2BDF00D3A793 /* TeachMEApp.swift */ = {isa = PBXFileReference; lastKnownFileType = sourcecode.swift; path = TeachMEApp.swift; sourceTree = "<group>"; };
		8E65F7462D3D2BDF00D3A793 /* ContentView.swift */ = {isa = PBXFileReference; lastKnownFileType = sourcecode.swift; path = ContentView.swift; sourceTree = "<group>"; };
		8E65F7482D3D2BE100D3A793 /* Assets.xcassets */ = {isa = PBXFileReference; lastKnownFileType = folder.assetcatalog; path = Assets.xcassets; sourceTree = "<group>"; };
		8E65F74B2D3D2BE100D3A793 /* Preview Assets.xcassets */ = {isa = PBXFileReference; lastKnownFileType = folder.assetcatalog; path = "Preview Assets.xcassets"; sourceTree = "<group>"; };
		8E6D1C892D67344400C400C4 /* FormType.swift */ = {isa = PBXFileReference; lastKnownFileType = sourcecode.swift; path = FormType.swift; sourceTree = "<group>"; };
		8E6D1C8B2D673A1900C400C4 /* DateFormatter+toDate.swift */ = {isa = PBXFileReference; lastKnownFileType = sourcecode.swift; path = "DateFormatter+toDate.swift"; sourceTree = "<group>"; };
		8E6D1C8E2D673A9300C400C4 /* DateFormatter+toString.swift */ = {isa = PBXFileReference; lastKnownFileType = sourcecode.swift; path = "DateFormatter+toString.swift"; sourceTree = "<group>"; };
		8E75D4382D3E233F0082F5FE /* RegisterForm.swift */ = {isa = PBXFileReference; lastKnownFileType = sourcecode.swift; path = RegisterForm.swift; sourceTree = "<group>"; };
		8E75D4402D3E268B0082F5FE /* Role.swift */ = {isa = PBXFileReference; lastKnownFileType = sourcecode.swift; path = Role.swift; sourceTree = "<group>"; };
		8E75D4422D3E2DF90082F5FE /* AuthScreen.swift */ = {isa = PBXFileReference; lastKnownFileType = sourcecode.swift; path = AuthScreen.swift; sourceTree = "<group>"; };
		8E75D4452D3E2ED20082F5FE /* Colors.swift */ = {isa = PBXFileReference; lastKnownFileType = sourcecode.swift; path = Colors.swift; sourceTree = "<group>"; };
		8E7EBE4A2D3E3A1800C7C017 /* AuthScreenViewModel.swift */ = {isa = PBXFileReference; lastKnownFileType = sourcecode.swift; path = AuthScreenViewModel.swift; sourceTree = "<group>"; };
		8E7EBE4D2D3E3AE500C7C017 /* RegisterFormViewModel.swift */ = {isa = PBXFileReference; lastKnownFileType = sourcecode.swift; path = RegisterFormViewModel.swift; sourceTree = "<group>"; };
		8E7EBE502D3E409500C7C017 /* StyledTextField.swift */ = {isa = PBXFileReference; lastKnownFileType = sourcecode.swift; path = StyledTextField.swift; sourceTree = "<group>"; };
		8E7EBE522D3E417100C7C017 /* Spacings.swift */ = {isa = PBXFileReference; lastKnownFileType = sourcecode.swift; path = Spacings.swift; sourceTree = "<group>"; };
		8E7EBE542D3E420200C7C017 /* Radiuses.swift */ = {isa = PBXFileReference; lastKnownFileType = sourcecode.swift; path = Radiuses.swift; sourceTree = "<group>"; };
		8E84E2792D424AF400CB8C05 /* FormTitle.swift */ = {isa = PBXFileReference; lastKnownFileType = sourcecode.swift; path = FormTitle.swift; sourceTree = "<group>"; };
		8E84E27B2D424B8000CB8C05 /* Theme.swift */ = {isa = PBXFileReference; lastKnownFileType = sourcecode.swift; path = Theme.swift; sourceTree = "<group>"; };
		8E84E27D2D42524E00CB8C05 /* SwitchFormText.swift */ = {isa = PBXFileReference; lastKnownFileType = sourcecode.swift; path = SwitchFormText.swift; sourceTree = "<group>"; };
		8E84E27F2D42531D00CB8C05 /* SubmitButton.swift */ = {isa = PBXFileReference; lastKnownFileType = sourcecode.swift; path = SubmitButton.swift; sourceTree = "<group>"; };
		8E863B9F2D3F7617001773F4 /* LoginForm.swift */ = {isa = PBXFileReference; lastKnownFileType = sourcecode.swift; path = LoginForm.swift; sourceTree = "<group>"; };
		8E863BA12D3F76A8001773F4 /* LoginFormViewModel.swift */ = {isa = PBXFileReference; lastKnownFileType = sourcecode.swift; path = LoginFormViewModel.swift; sourceTree = "<group>"; };
		8E866E7D2D58E9C8007FAE6B /* EditProfileForm.swift */ = {isa = PBXFileReference; lastKnownFileType = sourcecode.swift; path = EditProfileForm.swift; sourceTree = "<group>"; };
		8E866E822D58EB2C007FAE6B /* EditProfileFormViewModel.swift */ = {isa = PBXFileReference; lastKnownFileType = sourcecode.swift; path = EditProfileFormViewModel.swift; sourceTree = "<group>"; };
		8E9669CA2D48AEEA00B5D6BA /* LessonItem.swift */ = {isa = PBXFileReference; lastKnownFileType = sourcecode.swift; path = LessonItem.swift; sourceTree = "<group>"; };
		8E99E7892D71AD5C00CF9CC8 /* APIDataSource.swift */ = {isa = PBXFileReference; lastKnownFileType = sourcecode.swift; path = APIDataSource.swift; sourceTree = "<group>"; };
		8E99E78B2D71AEE500CF9CC8 /* HTTPClient.swift */ = {isa = PBXFileReference; lastKnownFileType = sourcecode.swift; path = HTTPClient.swift; sourceTree = "<group>"; };
		8E99E78E2D71B02400CF9CC8 /* DataSourceError.swift */ = {isa = PBXFileReference; lastKnownFileType = sourcecode.swift; path = DataSourceError.swift; sourceTree = "<group>"; };
		8E99E7902D71BD3900CF9CC8 /* DataTransferObject.swift */ = {isa = PBXFileReference; lastKnownFileType = sourcecode.swift; path = DataTransferObject.swift; sourceTree = "<group>"; };
		8E9E51BB2D7975870035E4E3 /* HTTPMethod.swift */ = {isa = PBXFileReference; lastKnownFileType = sourcecode.swift; path = HTTPMethod.swift; sourceTree = "<group>"; };
		8E9E51BD2D7975D40035E4E3 /* URLRequestBuilder.swift */ = {isa = PBXFileReference; lastKnownFileType = sourcecode.swift; path = URLRequestBuilder.swift; sourceTree = "<group>"; };
		8EB0934C2D7C810C0073C0F6 /* Repository.swift */ = {isa = PBXFileReference; lastKnownFileType = sourcecode.swift; path = Repository.swift; sourceTree = "<group>"; };
		8EB0934F2D7C81590073C0F6 /* Model.swift */ = {isa = PBXFileReference; lastKnownFileType = sourcecode.swift; path = Model.swift; sourceTree = "<group>"; };
		8EB093512D7C828F0073C0F6 /* RoleModel.swift */ = {isa = PBXFileReference; lastKnownFileType = sourcecode.swift; path = RoleModel.swift; sourceTree = "<group>"; };
		8EB093532D7C82AE0073C0F6 /* LessonTypeModel.swift */ = {isa = PBXFileReference; lastKnownFileType = sourcecode.swift; path = LessonTypeModel.swift; sourceTree = "<group>"; };
		8EB093552D7C82D30073C0F6 /* UserDetailModel.swift */ = {isa = PBXFileReference; lastKnownFileType = sourcecode.swift; path = UserDetailModel.swift; sourceTree = "<group>"; };
		8EB093572D7C83050073C0F6 /* UserModel.swift */ = {isa = PBXFileReference; lastKnownFileType = sourcecode.swift; path = UserModel.swift; sourceTree = "<group>"; };
		8EB093592D7C83290073C0F6 /* LessonModel.swift */ = {isa = PBXFileReference; lastKnownFileType = sourcecode.swift; path = LessonModel.swift; sourceTree = "<group>"; };
		8EC1D32C2D475B5400987973 /* LessonCard.swift */ = {isa = PBXFileReference; lastKnownFileType = sourcecode.swift; path = LessonCard.swift; sourceTree = "<group>"; };
		8EDBFF1B2D57A7BF008441D6 /* ProfileScreen.swift */ = {isa = PBXFileReference; lastKnownFileType = sourcecode.swift; path = ProfileScreen.swift; sourceTree = "<group>"; };
		8EDBFF1D2D57A807008441D6 /* ProfileScreenViewModel.swift */ = {isa = PBXFileReference; lastKnownFileType = sourcecode.swift; path = ProfileScreenViewModel.swift; sourceTree = "<group>"; };
		8EDBFF1F2D57A9C4008441D6 /* ProfileRouter.swift */ = {isa = PBXFileReference; lastKnownFileType = sourcecode.swift; path = ProfileRouter.swift; sourceTree = "<group>"; };
		8EFED0652D50A1F900046F1D /* Router.swift */ = {isa = PBXFileReference; lastKnownFileType = sourcecode.swift; path = Router.swift; sourceTree = "<group>"; };
		8EFED0672D50A2BB00046F1D /* Destination.swift */ = {isa = PBXFileReference; lastKnownFileType = sourcecode.swift; path = Destination.swift; sourceTree = "<group>"; };
		8EFED06C2D50A71500046F1D /* RouterView.swift */ = {isa = PBXFileReference; lastKnownFileType = sourcecode.swift; path = RouterView.swift; sourceTree = "<group>"; };
/* End PBXFileReference section */

/* Begin PBXFrameworksBuildPhase section */
		8E65F73E2D3D2BDF00D3A793 /* Frameworks */ = {
			isa = PBXFrameworksBuildPhase;
			buildActionMask = 2147483647;
			files = (
			);
			runOnlyForDeploymentPostprocessing = 0;
		};
/* End PBXFrameworksBuildPhase section */

/* Begin PBXGroup section */
		8E11604A2D7481CD0097774B /* DataTransferObjects */ = {
			isa = PBXGroup;
			children = (
				8E99E7902D71BD3900CF9CC8 /* DataTransferObject.swift */,
				8E11604B2D7482DD0097774B /* RoleDTO.swift */,
				8E11604D2D7482F90097774B /* LessonTypeDTO.swift */,
				8E11604F2D7483280097774B /* UserDetailDTO.swift */,
				8E1160512D7483A30097774B /* UserDTO.swift */,
				8E1160532D7484240097774B /* LessonDTO.swift */,
			);
			path = DataTransferObjects;
			sourceTree = "<group>";
		};
		8E180D2A2D5271D400327E29 /* Helpers */ = {
			isa = PBXGroup;
			children = (
				8E180D2B2D5271E100327E29 /* Tab.swift */,
				8E6D1C892D67344400C400C4 /* FormType.swift */,
			);
			path = Helpers;
			sourceTree = "<group>";
		};
		8E20F56C2D4B8378007B3154 /* LessonPick */ = {
			isa = PBXGroup;
			children = (
				8E20F56E2D4B8389007B3154 /* ViewModel */,
				8E20F56D2D4B8385007B3154 /* VIew */,
			);
			path = LessonPick;
			sourceTree = "<group>";
		};
		8E20F56D2D4B8385007B3154 /* VIew */ = {
			isa = PBXGroup;
			children = (
				8E20F5702D4B83A1007B3154 /* LessonPickScreen.swift */,
			);
			path = VIew;
			sourceTree = "<group>";
		};
		8E20F56E2D4B8389007B3154 /* ViewModel */ = {
			isa = PBXGroup;
			children = (
				8E20F5722D4B8425007B3154 /* LessonPickScreenViewModel.swift */,
			);
			path = ViewModel;
			sourceTree = "<group>";
		};
		8E2982872D4A333800588D8E /* LessonList */ = {
			isa = PBXGroup;
			children = (
				8E2982892D4A334D00588D8E /* ViewModel */,
				8E2982882D4A334800588D8E /* View */,
			);
			path = LessonList;
			sourceTree = "<group>";
		};
		8E2982882D4A334800588D8E /* View */ = {
			isa = PBXGroup;
			children = (
				8E29828A2D4A347500588D8E /* LessonListScreen.swift */,
			);
			path = View;
			sourceTree = "<group>";
		};
		8E2982892D4A334D00588D8E /* ViewModel */ = {
			isa = PBXGroup;
			children = (
				8E29828F2D4A38CF00588D8E /* LessonListScreenViewModel.swift */,
			);
			path = ViewModel;
			sourceTree = "<group>";
		};
		8E445ACC2D413C1F00140498 /* Register */ = {
			isa = PBXGroup;
			children = (
				8E445AD12D413CB000140498 /* ViewModel */,
				8E445ACE2D413C4100140498 /* View */,
			);
			path = Register;
			sourceTree = "<group>";
		};
		8E445ACD2D413C2900140498 /* Login */ = {
			isa = PBXGroup;
			children = (
				8E445AD02D413CA500140498 /* ViewModel */,
				8E445ACF2D413C7E00140498 /* View */,
			);
			path = Login;
			sourceTree = "<group>";
		};
		8E445ACE2D413C4100140498 /* View */ = {
			isa = PBXGroup;
			children = (
				8E75D4382D3E233F0082F5FE /* RegisterForm.swift */,
			);
			path = View;
			sourceTree = "<group>";
		};
		8E445ACF2D413C7E00140498 /* View */ = {
			isa = PBXGroup;
			children = (
				8E863B9F2D3F7617001773F4 /* LoginForm.swift */,
			);
			path = View;
			sourceTree = "<group>";
		};
		8E445AD02D413CA500140498 /* ViewModel */ = {
			isa = PBXGroup;
			children = (
				8E863BA12D3F76A8001773F4 /* LoginFormViewModel.swift */,
			);
			path = ViewModel;
			sourceTree = "<group>";
		};
		8E445AD12D413CB000140498 /* ViewModel */ = {
			isa = PBXGroup;
			children = (
				8E7EBE4D2D3E3AE500C7C017 /* RegisterFormViewModel.swift */,
			);
			path = ViewModel;
			sourceTree = "<group>";
		};
		8E5F20052D5DDF1500BE9C24 /* Home */ = {
			isa = PBXGroup;
			children = (
				8E5F20152D5DED7900BE9C24 /* Components */,
				8E2982872D4A333800588D8E /* LessonList */,
			);
			path = Home;
			sourceTree = "<group>";
		};
		8E5F20152D5DED7900BE9C24 /* Components */ = {
			isa = PBXGroup;
			children = (
				8E5F20182D5DEDCB00BE9C24 /* Form */,
			);
			path = Components;
			sourceTree = "<group>";
		};
		8E5F20182D5DEDCB00BE9C24 /* Form */ = {
			isa = PBXGroup;
			children = (
				8E5F201A2D5DEDDA00BE9C24 /* ViewModel */,
				8E5F20192D5DEDD300BE9C24 /* View */,
			);
			path = Form;
			sourceTree = "<group>";
		};
		8E5F20192D5DEDD300BE9C24 /* View */ = {
			isa = PBXGroup;
			children = (
				8E5F20162D5DEDA000BE9C24 /* LessonForm.swift */,
			);
			path = View;
			sourceTree = "<group>";
		};
		8E5F201A2D5DEDDA00BE9C24 /* ViewModel */ = {
			isa = PBXGroup;
			children = (
				8E5F201B2D5DEE2900BE9C24 /* LessonFormViewModel.swift */,
			);
			path = ViewModel;
			sourceTree = "<group>";
		};
		8E65F7382D3D2BDF00D3A793 = {
			isa = PBXGroup;
			children = (
				8E65F7432D3D2BDF00D3A793 /* TeachME */,
				8E65F7422D3D2BDF00D3A793 /* Products */,
			);
			sourceTree = "<group>";
		};
		8E65F7422D3D2BDF00D3A793 /* Products */ = {
			isa = PBXGroup;
			children = (
				8E65F7412D3D2BDF00D3A793 /* TeachME.app */,
			);
			name = Products;
			sourceTree = "<group>";
		};
		8E65F7432D3D2BDF00D3A793 /* TeachME */ = {
			isa = PBXGroup;
			children = (
				8E99E7862D71ABFB00CF9CC8 /* DataLayer */,
				8E6D1C8D2D673A7600C400C4 /* Extensions */,
				8E180D2A2D5271D400327E29 /* Helpers */,
				8EFED0612D50A16800046F1D /* Navigation */,
				8E9669C92D48AED200B5D6BA /* Items */,
				8E75D4442D3E2EA80082F5FE /* Theme */,
				8E75D43A2D3E240E0082F5FE /* Models */,
				8E75D4362D3E231C0082F5FE /* Screens */,
				8E65F7442D3D2BDF00D3A793 /* TeachMEApp.swift */,
				8E65F7462D3D2BDF00D3A793 /* ContentView.swift */,
				8E65F7482D3D2BE100D3A793 /* Assets.xcassets */,
				8E65F74A2D3D2BE100D3A793 /* Preview Content */,
			);
			path = TeachME;
			sourceTree = "<group>";
		};
		8E65F74A2D3D2BE100D3A793 /* Preview Content */ = {
			isa = PBXGroup;
			children = (
				8E65F74B2D3D2BE100D3A793 /* Preview Assets.xcassets */,
			);
			path = "Preview Content";
			sourceTree = "<group>";
		};
		8E6D1C8D2D673A7600C400C4 /* Extensions */ = {
			isa = PBXGroup;
			children = (
				8E6D1C8E2D673A9300C400C4 /* DateFormatter+toString.swift */,
				8E6D1C8B2D673A1900C400C4 /* DateFormatter+toDate.swift */,
			);
			path = Extensions;
			sourceTree = "<group>";
		};
		8E75D4362D3E231C0082F5FE /* Screens */ = {
			isa = PBXGroup;
			children = (
				8E5F20052D5DDF1500BE9C24 /* Home */,
				8E7EBE4F2D3E406400C7C017 /* Modifiers */,
				8EDBFF182D57A79F008441D6 /* Profile */,
				8E20F56C2D4B8378007B3154 /* LessonPick */,
				8EC1D32B2D475B3E00987973 /* Components */,
				8E75D43E2D3E25040082F5FE /* Auth */,
			);
			path = Screens;
			sourceTree = "<group>";
		};
		8E75D43A2D3E240E0082F5FE /* Models */ = {
			isa = PBXGroup;
			children = (
				8E75D4402D3E268B0082F5FE /* Role.swift */,
			);
			path = Models;
			sourceTree = "<group>";
		};
		8E75D43E2D3E25040082F5FE /* Auth */ = {
			isa = PBXGroup;
			children = (
				8E84E2782D424AE100CB8C05 /* Components */,
				8E445ACD2D413C2900140498 /* Login */,
				8E445ACC2D413C1F00140498 /* Register */,
				8E7EBE492D3E39F800C7C017 /* ViewModel */,
				8E75D43F2D3E25570082F5FE /* View */,
			);
			path = Auth;
			sourceTree = "<group>";
		};
		8E75D43F2D3E25570082F5FE /* View */ = {
			isa = PBXGroup;
			children = (
				8E75D4422D3E2DF90082F5FE /* AuthScreen.swift */,
			);
			path = View;
			sourceTree = "<group>";
		};
		8E75D4442D3E2EA80082F5FE /* Theme */ = {
			isa = PBXGroup;
			children = (
				8E75D4452D3E2ED20082F5FE /* Colors.swift */,
				8E7EBE522D3E417100C7C017 /* Spacings.swift */,
				8E7EBE542D3E420200C7C017 /* Radiuses.swift */,
				8E3427AC2D3E649900A38A2D /* Fonts.swift */,
				8E84E27B2D424B8000CB8C05 /* Theme.swift */,
			);
			path = Theme;
			sourceTree = "<group>";
		};
		8E7EBE492D3E39F800C7C017 /* ViewModel */ = {
			isa = PBXGroup;
			children = (
				8E7EBE4A2D3E3A1800C7C017 /* AuthScreenViewModel.swift */,
			);
			path = ViewModel;
			sourceTree = "<group>";
		};
		8E7EBE4F2D3E406400C7C017 /* Modifiers */ = {
			isa = PBXGroup;
			children = (
				8E7EBE502D3E409500C7C017 /* StyledTextField.swift */,
			);
			path = Modifiers;
			sourceTree = "<group>";
		};
		8E84E2782D424AE100CB8C05 /* Components */ = {
			isa = PBXGroup;
			children = (
				8E84E27D2D42524E00CB8C05 /* SwitchFormText.swift */,
			);
			path = Components;
			sourceTree = "<group>";
		};
		8E866E7F2D58EB00007FAE6B /* EditForm */ = {
			isa = PBXGroup;
			children = (
				8E866E812D58EB14007FAE6B /* ViewModel */,
				8E866E802D58EB0F007FAE6B /* View */,
			);
			path = EditForm;
			sourceTree = "<group>";
		};
		8E866E802D58EB0F007FAE6B /* View */ = {
			isa = PBXGroup;
			children = (
				8E866E7D2D58E9C8007FAE6B /* EditProfileForm.swift */,
			);
			path = View;
			sourceTree = "<group>";
		};
		8E866E812D58EB14007FAE6B /* ViewModel */ = {
			isa = PBXGroup;
			children = (
				8E866E822D58EB2C007FAE6B /* EditProfileFormViewModel.swift */,
			);
			path = ViewModel;
			sourceTree = "<group>";
		};
		8E866E842D58ED2A007FAE6B /* Components */ = {
			isa = PBXGroup;
			children = (
				8E866E7F2D58EB00007FAE6B /* EditForm */,
			);
			path = Components;
			sourceTree = "<group>";
		};
		8E9669C92D48AED200B5D6BA /* Items */ = {
			isa = PBXGroup;
			children = (
				8E9669CA2D48AEEA00B5D6BA /* LessonItem.swift */,
				8E20F5782D4B8CAA007B3154 /* UserItem.swift */,
			);
			path = Items;
			sourceTree = "<group>";
		};
		8E99E7862D71ABFB00CF9CC8 /* DataLayer */ = {
			isa = PBXGroup;
			children = (
				8EB0934E2D7C81440073C0F6 /* Models */,
				8E11604A2D7481CD0097774B /* DataTransferObjects */,
				8E99E78D2D71B01100CF9CC8 /* Errors */,
				8E99E7882D71AC2000CF9CC8 /* DataSources */,
				8E99E7872D71AC0800CF9CC8 /* Repositories */,
				8E99E78B2D71AEE500CF9CC8 /* HTTPClient.swift */,
				8E9E51BB2D7975870035E4E3 /* HTTPMethod.swift */,
				8E9E51BD2D7975D40035E4E3 /* URLRequestBuilder.swift */,
			);
			path = DataLayer;
			sourceTree = "<group>";
		};
		8E99E7872D71AC0800CF9CC8 /* Repositories */ = {
			isa = PBXGroup;
			children = (
				8EB0934C2D7C810C0073C0F6 /* Repository.swift */,
			);
			path = Repositories;
			sourceTree = "<group>";
		};
		8E99E7882D71AC2000CF9CC8 /* DataSources */ = {
			isa = PBXGroup;
			children = (
				8E1160572D7485D00097774B /* LessonTypeDataSource.swift */,
				8E1160592D7486190097774B /* UserDetailDataSource.swift */,
				8E11605B2D74865B0097774B /* UserDataSource.swift */,
				8E11605D2D7486FD0097774B /* RoleDataSource.swift */,
				8E11605F2D7488300097774B /* LessonDataSource.swift */,
				8E99E7892D71AD5C00CF9CC8 /* APIDataSource.swift */,
				8E1297E32D777A17009102FD /* TeachMEAPIDataSource.swift */,
			);
			path = DataSources;
			sourceTree = "<group>";
		};
		8E99E78D2D71B01100CF9CC8 /* Errors */ = {
			isa = PBXGroup;
			children = (
				8E99E78E2D71B02400CF9CC8 /* DataSourceError.swift */,
			);
			path = Errors;
			sourceTree = "<group>";
		};
		8EB0934E2D7C81440073C0F6 /* Models */ = {
			isa = PBXGroup;
			children = (
				8EB0934F2D7C81590073C0F6 /* Model.swift */,
				8EB093512D7C828F0073C0F6 /* RoleModel.swift */,
				8EB093532D7C82AE0073C0F6 /* LessonTypeModel.swift */,
				8EB093552D7C82D30073C0F6 /* UserDetailModel.swift */,
				8EB093572D7C83050073C0F6 /* UserModel.swift */,
				8EB093592D7C83290073C0F6 /* LessonModel.swift */,
			);
			path = Models;
			sourceTree = "<group>";
		};
		8EC1D32B2D475B3E00987973 /* Components */ = {
			isa = PBXGroup;
			children = (
				8EC1D32C2D475B5400987973 /* LessonCard.swift */,
				8E29828C2D4A381600588D8E /* Header.swift */,
				8E20F5762D4B8C9C007B3154 /* UserCard.swift */,
				8E4D0F8A2D50B9A3007F57B8 /* ActionButton.swift */,
				8E84E2792D424AF400CB8C05 /* FormTitle.swift */,
				8E84E27F2D42531D00CB8C05 /* SubmitButton.swift */,
			);
			path = Components;
			sourceTree = "<group>";
		};
		8EDBFF182D57A79F008441D6 /* Profile */ = {
			isa = PBXGroup;
			children = (
				8E866E842D58ED2A007FAE6B /* Components */,
				8EDBFF1A2D57A7AC008441D6 /* ViewModel */,
				8EDBFF192D57A7A7008441D6 /* View */,
			);
			path = Profile;
			sourceTree = "<group>";
		};
		8EDBFF192D57A7A7008441D6 /* View */ = {
			isa = PBXGroup;
			children = (
				8EDBFF1B2D57A7BF008441D6 /* ProfileScreen.swift */,
			);
			path = View;
			sourceTree = "<group>";
		};
		8EDBFF1A2D57A7AC008441D6 /* ViewModel */ = {
			isa = PBXGroup;
			children = (
				8EDBFF1D2D57A807008441D6 /* ProfileScreenViewModel.swift */,
			);
			path = ViewModel;
			sourceTree = "<group>";
		};
		8EFED0612D50A16800046F1D /* Navigation */ = {
			isa = PBXGroup;
			children = (
				8EFED0632D50A19D00046F1D /* Routing */,
				8EFED0622D50A18000046F1D /* Navigation Views */,
				8EFED0672D50A2BB00046F1D /* Destination.swift */,
			);
			path = Navigation;
			sourceTree = "<group>";
		};
		8EFED0622D50A18000046F1D /* Navigation Views */ = {
			isa = PBXGroup;
			children = (
				8EFED06C2D50A71500046F1D /* RouterView.swift */,
			);
			path = "Navigation Views";
			sourceTree = "<group>";
		};
		8EFED0632D50A19D00046F1D /* Routing */ = {
			isa = PBXGroup;
			children = (
				8EFED0642D50A1D800046F1D /* Modal Routers */,
				8E180D2D2D5272FA00327E29 /* TabRouter.swift */,
				8EDBFF1F2D57A9C4008441D6 /* ProfileRouter.swift */,
				8E5F20132D5DE76C00BE9C24 /* HomeRouter.swift */,
			);
			path = Routing;
			sourceTree = "<group>";
		};
		8EFED0642D50A1D800046F1D /* Modal Routers */ = {
			isa = PBXGroup;
			children = (
				8EFED0652D50A1F900046F1D /* Router.swift */,
			);
			path = "Modal Routers";
			sourceTree = "<group>";
		};
/* End PBXGroup section */

/* Begin PBXNativeTarget section */
		8E65F7402D3D2BDF00D3A793 /* TeachME */ = {
			isa = PBXNativeTarget;
			buildConfigurationList = 8E65F74F2D3D2BE100D3A793 /* Build configuration list for PBXNativeTarget "TeachME" */;
			buildPhases = (
				8E65F73D2D3D2BDF00D3A793 /* Sources */,
				8E65F73E2D3D2BDF00D3A793 /* Frameworks */,
				8E65F73F2D3D2BDF00D3A793 /* Resources */,
			);
			buildRules = (
			);
			dependencies = (
			);
			name = TeachME;
			productName = TeachME;
			productReference = 8E65F7412D3D2BDF00D3A793 /* TeachME.app */;
			productType = "com.apple.product-type.application";
		};
/* End PBXNativeTarget section */

/* Begin PBXProject section */
		8E65F7392D3D2BDF00D3A793 /* Project object */ = {
			isa = PBXProject;
			attributes = {
				BuildIndependentTargetsInParallel = 1;
				LastSwiftUpdateCheck = 1520;
				LastUpgradeCheck = 1520;
				TargetAttributes = {
					8E65F7402D3D2BDF00D3A793 = {
						CreatedOnToolsVersion = 15.2;
					};
				};
			};
			buildConfigurationList = 8E65F73C2D3D2BDF00D3A793 /* Build configuration list for PBXProject "TeachME" */;
			compatibilityVersion = "Xcode 14.0";
			developmentRegion = en;
			hasScannedForEncodings = 0;
			knownRegions = (
				en,
				Base,
			);
			mainGroup = 8E65F7382D3D2BDF00D3A793;
			productRefGroup = 8E65F7422D3D2BDF00D3A793 /* Products */;
			projectDirPath = "";
			projectRoot = "";
			targets = (
				8E65F7402D3D2BDF00D3A793 /* TeachME */,
			);
		};
/* End PBXProject section */

/* Begin PBXResourcesBuildPhase section */
		8E65F73F2D3D2BDF00D3A793 /* Resources */ = {
			isa = PBXResourcesBuildPhase;
			buildActionMask = 2147483647;
			files = (
				8E65F74C2D3D2BE100D3A793 /* Preview Assets.xcassets in Resources */,
				8E65F7492D3D2BE100D3A793 /* Assets.xcassets in Resources */,
			);
			runOnlyForDeploymentPostprocessing = 0;
		};
/* End PBXResourcesBuildPhase section */

/* Begin PBXSourcesBuildPhase section */
		8E65F73D2D3D2BDF00D3A793 /* Sources */ = {
			isa = PBXSourcesBuildPhase;
			buildActionMask = 2147483647;
			files = (
				8EB093502D7C81590073C0F6 /* Model.swift in Sources */,
				8E75D4462D3E2ED20082F5FE /* Colors.swift in Sources */,
				8E866E7E2D58E9C8007FAE6B /* EditProfileForm.swift in Sources */,
				8EC1D32D2D475B5500987973 /* LessonCard.swift in Sources */,
				8E99E78A2D71AD5C00CF9CC8 /* APIDataSource.swift in Sources */,
				8E7EBE4E2D3E3AE500C7C017 /* RegisterFormViewModel.swift in Sources */,
				8E99E7912D71BD3900CF9CC8 /* DataTransferObject.swift in Sources */,
				8E65F7472D3D2BDF00D3A793 /* ContentView.swift in Sources */,
				8E11604E2D7482F90097774B /* LessonTypeDTO.swift in Sources */,
				8E7EBE4B2D3E3A1800C7C017 /* AuthScreenViewModel.swift in Sources */,
				8E9E51BE2D7975D40035E4E3 /* URLRequestBuilder.swift in Sources */,
				8E6D1C8F2D673A9300C400C4 /* DateFormatter+toString.swift in Sources */,
				8E11604C2D7482DD0097774B /* RoleDTO.swift in Sources */,
				8E3427AD2D3E649900A38A2D /* Fonts.swift in Sources */,
				8EFED0662D50A1F900046F1D /* Router.swift in Sources */,
				8E2982902D4A38CF00588D8E /* LessonListScreenViewModel.swift in Sources */,
				8E7EBE532D3E417100C7C017 /* Spacings.swift in Sources */,
				8E99E78F2D71B02400CF9CC8 /* DataSourceError.swift in Sources */,
				8E84E27E2D42524E00CB8C05 /* SwitchFormText.swift in Sources */,
				8E75D4432D3E2DF90082F5FE /* AuthScreen.swift in Sources */,
				8E1160522D7483A30097774B /* UserDTO.swift in Sources */,
				8E1297E42D777A17009102FD /* TeachMEAPIDataSource.swift in Sources */,
				8EB093582D7C83050073C0F6 /* UserModel.swift in Sources */,
				8E9E51BC2D7975870035E4E3 /* HTTPMethod.swift in Sources */,
				8EDBFF1E2D57A807008441D6 /* ProfileScreenViewModel.swift in Sources */,
				8E6D1C8C2D673A1900C400C4 /* DateFormatter+toDate.swift in Sources */,
				8E65F7452D3D2BDF00D3A793 /* TeachMEApp.swift in Sources */,
				8E866E832D58EB2C007FAE6B /* EditProfileFormViewModel.swift in Sources */,
				8E84E27C2D424B8000CB8C05 /* Theme.swift in Sources */,
				8E11605E2D7486FD0097774B /* RoleDataSource.swift in Sources */,
				8E4D0F8B2D50B9A3007F57B8 /* ActionButton.swift in Sources */,
				8E11605C2D74865B0097774B /* UserDataSource.swift in Sources */,
				8E99E78C2D71AEE500CF9CC8 /* HTTPClient.swift in Sources */,
				8EB0935A2D7C83290073C0F6 /* LessonModel.swift in Sources */,
				8EB0934D2D7C810C0073C0F6 /* Repository.swift in Sources */,
				8E75D4392D3E233F0082F5FE /* RegisterForm.swift in Sources */,
				8E11605A2D7486190097774B /* UserDetailDataSource.swift in Sources */,
				8E1160602D7488300097774B /* LessonDataSource.swift in Sources */,
				8EFED0682D50A2BB00046F1D /* Destination.swift in Sources */,
				8E6D1C8A2D67344400C400C4 /* FormType.swift in Sources */,
				8E9669CB2D48AEEA00B5D6BA /* LessonItem.swift in Sources */,
				8E20F5712D4B83A1007B3154 /* LessonPickScreen.swift in Sources */,
				8E20F5732D4B8425007B3154 /* LessonPickScreenViewModel.swift in Sources */,
				8EDBFF202D57A9C4008441D6 /* ProfileRouter.swift in Sources */,
				8E20F5792D4B8CAA007B3154 /* UserItem.swift in Sources */,
				8EFED06D2D50A71500046F1D /* RouterView.swift in Sources */,
				8E863BA22D3F76A8001773F4 /* LoginFormViewModel.swift in Sources */,
				8EB093542D7C82AE0073C0F6 /* LessonTypeModel.swift in Sources */,
				8EB093522D7C828F0073C0F6 /* RoleModel.swift in Sources */,
				8E7EBE552D3E420200C7C017 /* Radiuses.swift in Sources */,
				8E84E2802D42531D00CB8C05 /* SubmitButton.swift in Sources */,
				8E29828D2D4A381600588D8E /* Header.swift in Sources */,
				8E180D2E2D5272FA00327E29 /* TabRouter.swift in Sources */,
				8E84E27A2D424AF400CB8C05 /* FormTitle.swift in Sources */,
				8E180D2C2D5271E100327E29 /* Tab.swift in Sources */,
				8EDBFF1C2D57A7BF008441D6 /* ProfileScreen.swift in Sources */,
				8E5F20142D5DE76C00BE9C24 /* HomeRouter.swift in Sources */,
				8EB093562D7C82D30073C0F6 /* UserDetailModel.swift in Sources */,
				8E29828B2D4A347500588D8E /* LessonListScreen.swift in Sources */,
				8E5F201C2D5DEE2900BE9C24 /* LessonFormViewModel.swift in Sources */,
				8E1160502D7483280097774B /* UserDetailDTO.swift in Sources */,
				8E863BA02D3F7617001773F4 /* LoginForm.swift in Sources */,
				8E7EBE512D3E409500C7C017 /* StyledTextField.swift in Sources */,
				8E1160582D7485D00097774B /* LessonTypeDataSource.swift in Sources */,
				8E5F20172D5DEDA000BE9C24 /* LessonForm.swift in Sources */,
				8E20F5772D4B8C9C007B3154 /* UserCard.swift in Sources */,
				8E1160542D7484240097774B /* LessonDTO.swift in Sources */,
				8E75D4412D3E268B0082F5FE /* Role.swift in Sources */,
			);
			runOnlyForDeploymentPostprocessing = 0;
		};
/* End PBXSourcesBuildPhase section */

/* Begin XCBuildConfiguration section */
		8E65F74D2D3D2BE100D3A793 /* Debug */ = {
			isa = XCBuildConfiguration;
			buildSettings = {
				ALWAYS_SEARCH_USER_PATHS = NO;
				ASSETCATALOG_COMPILER_GENERATE_SWIFT_ASSET_SYMBOL_EXTENSIONS = YES;
				CLANG_ANALYZER_NONNULL = YES;
				CLANG_ANALYZER_NUMBER_OBJECT_CONVERSION = YES_AGGRESSIVE;
				CLANG_CXX_LANGUAGE_STANDARD = "gnu++20";
				CLANG_ENABLE_MODULES = YES;
				CLANG_ENABLE_OBJC_ARC = YES;
				CLANG_ENABLE_OBJC_WEAK = YES;
				CLANG_WARN_BLOCK_CAPTURE_AUTORELEASING = YES;
				CLANG_WARN_BOOL_CONVERSION = YES;
				CLANG_WARN_COMMA = YES;
				CLANG_WARN_CONSTANT_CONVERSION = YES;
				CLANG_WARN_DEPRECATED_OBJC_IMPLEMENTATIONS = YES;
				CLANG_WARN_DIRECT_OBJC_ISA_USAGE = YES_ERROR;
				CLANG_WARN_DOCUMENTATION_COMMENTS = YES;
				CLANG_WARN_EMPTY_BODY = YES;
				CLANG_WARN_ENUM_CONVERSION = YES;
				CLANG_WARN_INFINITE_RECURSION = YES;
				CLANG_WARN_INT_CONVERSION = YES;
				CLANG_WARN_NON_LITERAL_NULL_CONVERSION = YES;
				CLANG_WARN_OBJC_IMPLICIT_RETAIN_SELF = YES;
				CLANG_WARN_OBJC_LITERAL_CONVERSION = YES;
				CLANG_WARN_OBJC_ROOT_CLASS = YES_ERROR;
				CLANG_WARN_QUOTED_INCLUDE_IN_FRAMEWORK_HEADER = YES;
				CLANG_WARN_RANGE_LOOP_ANALYSIS = YES;
				CLANG_WARN_STRICT_PROTOTYPES = YES;
				CLANG_WARN_SUSPICIOUS_MOVE = YES;
				CLANG_WARN_UNGUARDED_AVAILABILITY = YES_AGGRESSIVE;
				CLANG_WARN_UNREACHABLE_CODE = YES;
				CLANG_WARN__DUPLICATE_METHOD_MATCH = YES;
				COPY_PHASE_STRIP = NO;
				DEBUG_INFORMATION_FORMAT = dwarf;
				ENABLE_STRICT_OBJC_MSGSEND = YES;
				ENABLE_TESTABILITY = YES;
				ENABLE_USER_SCRIPT_SANDBOXING = YES;
				GCC_C_LANGUAGE_STANDARD = gnu17;
				GCC_DYNAMIC_NO_PIC = NO;
				GCC_NO_COMMON_BLOCKS = YES;
				GCC_OPTIMIZATION_LEVEL = 0;
				GCC_PREPROCESSOR_DEFINITIONS = (
					"DEBUG=1",
					"$(inherited)",
				);
				GCC_WARN_64_TO_32_BIT_CONVERSION = YES;
				GCC_WARN_ABOUT_RETURN_TYPE = YES_ERROR;
				GCC_WARN_UNDECLARED_SELECTOR = YES;
				GCC_WARN_UNINITIALIZED_AUTOS = YES_AGGRESSIVE;
				GCC_WARN_UNUSED_FUNCTION = YES;
				GCC_WARN_UNUSED_VARIABLE = YES;
				IPHONEOS_DEPLOYMENT_TARGET = 17.2;
				LOCALIZATION_PREFERS_STRING_CATALOGS = YES;
				MTL_ENABLE_DEBUG_INFO = INCLUDE_SOURCE;
				MTL_FAST_MATH = YES;
				ONLY_ACTIVE_ARCH = YES;
				SDKROOT = iphoneos;
				SWIFT_ACTIVE_COMPILATION_CONDITIONS = "DEBUG $(inherited)";
				SWIFT_OPTIMIZATION_LEVEL = "-Onone";
			};
			name = Debug;
		};
		8E65F74E2D3D2BE100D3A793 /* Release */ = {
			isa = XCBuildConfiguration;
			buildSettings = {
				ALWAYS_SEARCH_USER_PATHS = NO;
				ASSETCATALOG_COMPILER_GENERATE_SWIFT_ASSET_SYMBOL_EXTENSIONS = YES;
				CLANG_ANALYZER_NONNULL = YES;
				CLANG_ANALYZER_NUMBER_OBJECT_CONVERSION = YES_AGGRESSIVE;
				CLANG_CXX_LANGUAGE_STANDARD = "gnu++20";
				CLANG_ENABLE_MODULES = YES;
				CLANG_ENABLE_OBJC_ARC = YES;
				CLANG_ENABLE_OBJC_WEAK = YES;
				CLANG_WARN_BLOCK_CAPTURE_AUTORELEASING = YES;
				CLANG_WARN_BOOL_CONVERSION = YES;
				CLANG_WARN_COMMA = YES;
				CLANG_WARN_CONSTANT_CONVERSION = YES;
				CLANG_WARN_DEPRECATED_OBJC_IMPLEMENTATIONS = YES;
				CLANG_WARN_DIRECT_OBJC_ISA_USAGE = YES_ERROR;
				CLANG_WARN_DOCUMENTATION_COMMENTS = YES;
				CLANG_WARN_EMPTY_BODY = YES;
				CLANG_WARN_ENUM_CONVERSION = YES;
				CLANG_WARN_INFINITE_RECURSION = YES;
				CLANG_WARN_INT_CONVERSION = YES;
				CLANG_WARN_NON_LITERAL_NULL_CONVERSION = YES;
				CLANG_WARN_OBJC_IMPLICIT_RETAIN_SELF = YES;
				CLANG_WARN_OBJC_LITERAL_CONVERSION = YES;
				CLANG_WARN_OBJC_ROOT_CLASS = YES_ERROR;
				CLANG_WARN_QUOTED_INCLUDE_IN_FRAMEWORK_HEADER = YES;
				CLANG_WARN_RANGE_LOOP_ANALYSIS = YES;
				CLANG_WARN_STRICT_PROTOTYPES = YES;
				CLANG_WARN_SUSPICIOUS_MOVE = YES;
				CLANG_WARN_UNGUARDED_AVAILABILITY = YES_AGGRESSIVE;
				CLANG_WARN_UNREACHABLE_CODE = YES;
				CLANG_WARN__DUPLICATE_METHOD_MATCH = YES;
				COPY_PHASE_STRIP = NO;
				DEBUG_INFORMATION_FORMAT = "dwarf-with-dsym";
				ENABLE_NS_ASSERTIONS = NO;
				ENABLE_STRICT_OBJC_MSGSEND = YES;
				ENABLE_USER_SCRIPT_SANDBOXING = YES;
				GCC_C_LANGUAGE_STANDARD = gnu17;
				GCC_NO_COMMON_BLOCKS = YES;
				GCC_WARN_64_TO_32_BIT_CONVERSION = YES;
				GCC_WARN_ABOUT_RETURN_TYPE = YES_ERROR;
				GCC_WARN_UNDECLARED_SELECTOR = YES;
				GCC_WARN_UNINITIALIZED_AUTOS = YES_AGGRESSIVE;
				GCC_WARN_UNUSED_FUNCTION = YES;
				GCC_WARN_UNUSED_VARIABLE = YES;
				IPHONEOS_DEPLOYMENT_TARGET = 17.2;
				LOCALIZATION_PREFERS_STRING_CATALOGS = YES;
				MTL_ENABLE_DEBUG_INFO = NO;
				MTL_FAST_MATH = YES;
				SDKROOT = iphoneos;
				SWIFT_COMPILATION_MODE = wholemodule;
				VALIDATE_PRODUCT = YES;
			};
			name = Release;
		};
		8E65F7502D3D2BE100D3A793 /* Debug */ = {
			isa = XCBuildConfiguration;
			buildSettings = {
				ASSETCATALOG_COMPILER_APPICON_NAME = AppIcon;
				ASSETCATALOG_COMPILER_GLOBAL_ACCENT_COLOR_NAME = AccentColor;
				CODE_SIGN_STYLE = Automatic;
				CURRENT_PROJECT_VERSION = 1;
				DEVELOPMENT_ASSET_PATHS = "\"TeachME/Preview Content\"";
				ENABLE_PREVIEWS = YES;
				GENERATE_INFOPLIST_FILE = YES;
				INFOPLIST_KEY_UIApplicationSceneManifest_Generation = YES;
				INFOPLIST_KEY_UIApplicationSupportsIndirectInputEvents = YES;
				INFOPLIST_KEY_UILaunchScreen_Generation = YES;
				INFOPLIST_KEY_UISupportedInterfaceOrientations_iPad = "UIInterfaceOrientationPortrait UIInterfaceOrientationPortraitUpsideDown UIInterfaceOrientationLandscapeLeft UIInterfaceOrientationLandscapeRight";
				INFOPLIST_KEY_UISupportedInterfaceOrientations_iPhone = "UIInterfaceOrientationPortrait UIInterfaceOrientationLandscapeLeft UIInterfaceOrientationLandscapeRight";
				LD_RUNPATH_SEARCH_PATHS = (
					"$(inherited)",
					"@executable_path/Frameworks",
				);
				MARKETING_VERSION = 1.0;
				PRODUCT_BUNDLE_IDENTIFIER = com.victorgeorgiev.TeachME;
				PRODUCT_NAME = "$(TARGET_NAME)";
				SWIFT_EMIT_LOC_STRINGS = YES;
				SWIFT_VERSION = 5.0;
				TARGETED_DEVICE_FAMILY = "1,2";
			};
			name = Debug;
		};
		8E65F7512D3D2BE100D3A793 /* Release */ = {
			isa = XCBuildConfiguration;
			buildSettings = {
				ASSETCATALOG_COMPILER_APPICON_NAME = AppIcon;
				ASSETCATALOG_COMPILER_GLOBAL_ACCENT_COLOR_NAME = AccentColor;
				CODE_SIGN_STYLE = Automatic;
				CURRENT_PROJECT_VERSION = 1;
				DEVELOPMENT_ASSET_PATHS = "\"TeachME/Preview Content\"";
				ENABLE_PREVIEWS = YES;
				GENERATE_INFOPLIST_FILE = YES;
				INFOPLIST_KEY_UIApplicationSceneManifest_Generation = YES;
				INFOPLIST_KEY_UIApplicationSupportsIndirectInputEvents = YES;
				INFOPLIST_KEY_UILaunchScreen_Generation = YES;
				INFOPLIST_KEY_UISupportedInterfaceOrientations_iPad = "UIInterfaceOrientationPortrait UIInterfaceOrientationPortraitUpsideDown UIInterfaceOrientationLandscapeLeft UIInterfaceOrientationLandscapeRight";
				INFOPLIST_KEY_UISupportedInterfaceOrientations_iPhone = "UIInterfaceOrientationPortrait UIInterfaceOrientationLandscapeLeft UIInterfaceOrientationLandscapeRight";
				LD_RUNPATH_SEARCH_PATHS = (
					"$(inherited)",
					"@executable_path/Frameworks",
				);
				MARKETING_VERSION = 1.0;
				PRODUCT_BUNDLE_IDENTIFIER = com.victorgeorgiev.TeachME;
				PRODUCT_NAME = "$(TARGET_NAME)";
				SWIFT_EMIT_LOC_STRINGS = YES;
				SWIFT_VERSION = 5.0;
				TARGETED_DEVICE_FAMILY = "1,2";
			};
			name = Release;
		};
/* End XCBuildConfiguration section */

/* Begin XCConfigurationList section */
		8E65F73C2D3D2BDF00D3A793 /* Build configuration list for PBXProject "TeachME" */ = {
			isa = XCConfigurationList;
			buildConfigurations = (
				8E65F74D2D3D2BE100D3A793 /* Debug */,
				8E65F74E2D3D2BE100D3A793 /* Release */,
			);
			defaultConfigurationIsVisible = 0;
			defaultConfigurationName = Release;
		};
		8E65F74F2D3D2BE100D3A793 /* Build configuration list for PBXNativeTarget "TeachME" */ = {
			isa = XCConfigurationList;
			buildConfigurations = (
				8E65F7502D3D2BE100D3A793 /* Debug */,
				8E65F7512D3D2BE100D3A793 /* Release */,
			);
			defaultConfigurationIsVisible = 0;
			defaultConfigurationName = Release;
		};
/* End XCConfigurationList section */
	};
	rootObject = 8E65F7392D3D2BDF00D3A793 /* Project object */;
}
