// !$*UTF8*$!
{
	archiveVersion = 1;
	classes = {
	};
	objectVersion = 56;
	objects = {

/* Begin PBXBuildFile section */
		8E3427AD2D3E649900A38A2D /* FontConstants.swift in Sources */ = {isa = PBXBuildFile; fileRef = 8E3427AC2D3E649900A38A2D /* FontConstants.swift */; };
		8E65F7452D3D2BDF00D3A793 /* TeachMEApp.swift in Sources */ = {isa = PBXBuildFile; fileRef = 8E65F7442D3D2BDF00D3A793 /* TeachMEApp.swift */; };
		8E65F7472D3D2BDF00D3A793 /* ContentView.swift in Sources */ = {isa = PBXBuildFile; fileRef = 8E65F7462D3D2BDF00D3A793 /* ContentView.swift */; };
		8E65F7492D3D2BE100D3A793 /* Assets.xcassets in Resources */ = {isa = PBXBuildFile; fileRef = 8E65F7482D3D2BE100D3A793 /* Assets.xcassets */; };
		8E65F74C2D3D2BE100D3A793 /* Preview Assets.xcassets in Resources */ = {isa = PBXBuildFile; fileRef = 8E65F74B2D3D2BE100D3A793 /* Preview Assets.xcassets */; };
		8E75D4392D3E233F0082F5FE /* RegisterForm.swift in Sources */ = {isa = PBXBuildFile; fileRef = 8E75D4382D3E233F0082F5FE /* RegisterForm.swift */; };
		8E75D43C2D3E24270082F5FE /* RegisterFields.swift in Sources */ = {isa = PBXBuildFile; fileRef = 8E75D43B2D3E24270082F5FE /* RegisterFields.swift */; };
		8E75D4412D3E268B0082F5FE /* Role.swift in Sources */ = {isa = PBXBuildFile; fileRef = 8E75D4402D3E268B0082F5FE /* Role.swift */; };
		8E75D4432D3E2DF90082F5FE /* LoginRegisterScreen.swift in Sources */ = {isa = PBXBuildFile; fileRef = 8E75D4422D3E2DF90082F5FE /* LoginRegisterScreen.swift */; };
		8E75D4462D3E2ED20082F5FE /* ColorPalette.swift in Sources */ = {isa = PBXBuildFile; fileRef = 8E75D4452D3E2ED20082F5FE /* ColorPalette.swift */; };
		8E7EBE4B2D3E3A1800C7C017 /* LoginRegisterScreenViewModel.swift in Sources */ = {isa = PBXBuildFile; fileRef = 8E7EBE4A2D3E3A1800C7C017 /* LoginRegisterScreenViewModel.swift */; };
		8E7EBE4E2D3E3AE500C7C017 /* RegisterFormViewModel.swift in Sources */ = {isa = PBXBuildFile; fileRef = 8E7EBE4D2D3E3AE500C7C017 /* RegisterFormViewModel.swift */; };
		8E7EBE512D3E409500C7C017 /* StyledTextField.swift in Sources */ = {isa = PBXBuildFile; fileRef = 8E7EBE502D3E409500C7C017 /* StyledTextField.swift */; };
		8E7EBE532D3E417100C7C017 /* SpacingConstants.swift in Sources */ = {isa = PBXBuildFile; fileRef = 8E7EBE522D3E417100C7C017 /* SpacingConstants.swift */; };
		8E7EBE552D3E420200C7C017 /* RadiusConstants.swift in Sources */ = {isa = PBXBuildFile; fileRef = 8E7EBE542D3E420200C7C017 /* RadiusConstants.swift */; };
		8E863BA02D3F7617001773F4 /* LoginForm.swift in Sources */ = {isa = PBXBuildFile; fileRef = 8E863B9F2D3F7617001773F4 /* LoginForm.swift */; };
		8E863BA22D3F76A8001773F4 /* LoginFormViewModel.swift in Sources */ = {isa = PBXBuildFile; fileRef = 8E863BA12D3F76A8001773F4 /* LoginFormViewModel.swift */; };
		8E863BA42D3F7796001773F4 /* LoginFields.swift in Sources */ = {isa = PBXBuildFile; fileRef = 8E863BA32D3F7796001773F4 /* LoginFields.swift */; };
/* End PBXBuildFile section */

/* Begin PBXFileReference section */
		8E3427AC2D3E649900A38A2D /* FontConstants.swift */ = {isa = PBXFileReference; lastKnownFileType = sourcecode.swift; path = FontConstants.swift; sourceTree = "<group>"; };
		8E65F7412D3D2BDF00D3A793 /* TeachME.app */ = {isa = PBXFileReference; explicitFileType = wrapper.application; includeInIndex = 0; path = TeachME.app; sourceTree = BUILT_PRODUCTS_DIR; };
		8E65F7442D3D2BDF00D3A793 /* TeachMEApp.swift */ = {isa = PBXFileReference; lastKnownFileType = sourcecode.swift; path = TeachMEApp.swift; sourceTree = "<group>"; };
		8E65F7462D3D2BDF00D3A793 /* ContentView.swift */ = {isa = PBXFileReference; lastKnownFileType = sourcecode.swift; path = ContentView.swift; sourceTree = "<group>"; };
		8E65F7482D3D2BE100D3A793 /* Assets.xcassets */ = {isa = PBXFileReference; lastKnownFileType = folder.assetcatalog; path = Assets.xcassets; sourceTree = "<group>"; };
		8E65F74B2D3D2BE100D3A793 /* Preview Assets.xcassets */ = {isa = PBXFileReference; lastKnownFileType = folder.assetcatalog; path = "Preview Assets.xcassets"; sourceTree = "<group>"; };
		8E75D4382D3E233F0082F5FE /* RegisterForm.swift */ = {isa = PBXFileReference; lastKnownFileType = sourcecode.swift; path = RegisterForm.swift; sourceTree = "<group>"; };
		8E75D43B2D3E24270082F5FE /* RegisterFields.swift */ = {isa = PBXFileReference; lastKnownFileType = sourcecode.swift; path = RegisterFields.swift; sourceTree = "<group>"; };
		8E75D4402D3E268B0082F5FE /* Role.swift */ = {isa = PBXFileReference; lastKnownFileType = sourcecode.swift; path = Role.swift; sourceTree = "<group>"; };
		8E75D4422D3E2DF90082F5FE /* LoginRegisterScreen.swift */ = {isa = PBXFileReference; lastKnownFileType = sourcecode.swift; path = LoginRegisterScreen.swift; sourceTree = "<group>"; };
		8E75D4452D3E2ED20082F5FE /* ColorPalette.swift */ = {isa = PBXFileReference; lastKnownFileType = sourcecode.swift; path = ColorPalette.swift; sourceTree = "<group>"; };
		8E7EBE4A2D3E3A1800C7C017 /* LoginRegisterScreenViewModel.swift */ = {isa = PBXFileReference; lastKnownFileType = sourcecode.swift; path = LoginRegisterScreenViewModel.swift; sourceTree = "<group>"; };
		8E7EBE4D2D3E3AE500C7C017 /* RegisterFormViewModel.swift */ = {isa = PBXFileReference; lastKnownFileType = sourcecode.swift; path = RegisterFormViewModel.swift; sourceTree = "<group>"; };
		8E7EBE502D3E409500C7C017 /* StyledTextField.swift */ = {isa = PBXFileReference; lastKnownFileType = sourcecode.swift; path = StyledTextField.swift; sourceTree = "<group>"; };
		8E7EBE522D3E417100C7C017 /* SpacingConstants.swift */ = {isa = PBXFileReference; lastKnownFileType = sourcecode.swift; path = SpacingConstants.swift; sourceTree = "<group>"; };
		8E7EBE542D3E420200C7C017 /* RadiusConstants.swift */ = {isa = PBXFileReference; lastKnownFileType = sourcecode.swift; path = RadiusConstants.swift; sourceTree = "<group>"; };
		8E863B9F2D3F7617001773F4 /* LoginForm.swift */ = {isa = PBXFileReference; lastKnownFileType = sourcecode.swift; path = LoginForm.swift; sourceTree = "<group>"; };
		8E863BA12D3F76A8001773F4 /* LoginFormViewModel.swift */ = {isa = PBXFileReference; lastKnownFileType = sourcecode.swift; path = LoginFormViewModel.swift; sourceTree = "<group>"; };
		8E863BA32D3F7796001773F4 /* LoginFields.swift */ = {isa = PBXFileReference; lastKnownFileType = sourcecode.swift; path = LoginFields.swift; sourceTree = "<group>"; };
/* End PBXFileReference section */

/* Begin PBXFrameworksBuildPhase section */
		8E65F73E2D3D2BDF00D3A793 /* Frameworks */ = {
			isa = PBXFrameworksBuildPhase;
			buildActionMask = 2147483647;
			files = (
			);
			runOnlyForDeploymentPostprocessing = 0;
		};
/* End PBXFrameworksBuildPhase section */

/* Begin PBXGroup section */
		8E65F7382D3D2BDF00D3A793 = {
			isa = PBXGroup;
			children = (
				8E65F7432D3D2BDF00D3A793 /* TeachME */,
				8E65F7422D3D2BDF00D3A793 /* Products */,
			);
			sourceTree = "<group>";
		};
		8E65F7422D3D2BDF00D3A793 /* Products */ = {
			isa = PBXGroup;
			children = (
				8E65F7412D3D2BDF00D3A793 /* TeachME.app */,
			);
			name = Products;
			sourceTree = "<group>";
		};
		8E65F7432D3D2BDF00D3A793 /* TeachME */ = {
			isa = PBXGroup;
			children = (
				8E75D4442D3E2EA80082F5FE /* Constants */,
				8E75D43A2D3E240E0082F5FE /* Models */,
				8E75D4362D3E231C0082F5FE /* Screens */,
				8E65F7442D3D2BDF00D3A793 /* TeachMEApp.swift */,
				8E65F7462D3D2BDF00D3A793 /* ContentView.swift */,
				8E65F7482D3D2BE100D3A793 /* Assets.xcassets */,
				8E65F74A2D3D2BE100D3A793 /* Preview Content */,
			);
			path = TeachME;
			sourceTree = "<group>";
		};
		8E65F74A2D3D2BE100D3A793 /* Preview Content */ = {
			isa = PBXGroup;
			children = (
				8E65F74B2D3D2BE100D3A793 /* Preview Assets.xcassets */,
			);
			path = "Preview Content";
			sourceTree = "<group>";
		};
		8E75D4362D3E231C0082F5FE /* Screens */ = {
			isa = PBXGroup;
			children = (
				8E75D43E2D3E25040082F5FE /* LoginRegisterScreen */,
			);
			path = Screens;
			sourceTree = "<group>";
		};
		8E75D4372D3E23270082F5FE /* Components */ = {
			isa = PBXGroup;
			children = (
				8E863B9F2D3F7617001773F4 /* LoginForm.swift */,
				8E75D4382D3E233F0082F5FE /* RegisterForm.swift */,
			);
			path = Components;
			sourceTree = "<group>";
		};
		8E75D43A2D3E240E0082F5FE /* Models */ = {
			isa = PBXGroup;
			children = (
				8E75D43B2D3E24270082F5FE /* RegisterFields.swift */,
				8E75D4402D3E268B0082F5FE /* Role.swift */,
				8E863BA32D3F7796001773F4 /* LoginFields.swift */,
			);
			path = Models;
			sourceTree = "<group>";
		};
		8E75D43E2D3E25040082F5FE /* LoginRegisterScreen */ = {
			isa = PBXGroup;
			children = (
				8E7EBE492D3E39F800C7C017 /* ViewModel */,
				8E75D43F2D3E25570082F5FE /* View */,
			);
			path = LoginRegisterScreen;
			sourceTree = "<group>";
		};
		8E75D43F2D3E25570082F5FE /* View */ = {
			isa = PBXGroup;
			children = (
				8E7EBE4F2D3E406400C7C017 /* Modifiers */,
				8E75D4372D3E23270082F5FE /* Components */,
				8E75D4422D3E2DF90082F5FE /* LoginRegisterScreen.swift */,
			);
			path = View;
			sourceTree = "<group>";
		};
		8E75D4442D3E2EA80082F5FE /* Constants */ = {
			isa = PBXGroup;
			children = (
				8E75D4452D3E2ED20082F5FE /* ColorPalette.swift */,
				8E7EBE522D3E417100C7C017 /* SpacingConstants.swift */,
				8E7EBE542D3E420200C7C017 /* RadiusConstants.swift */,
				8E3427AC2D3E649900A38A2D /* FontConstants.swift */,
			);
			path = Constants;
			sourceTree = "<group>";
		};
		8E7EBE492D3E39F800C7C017 /* ViewModel */ = {
			isa = PBXGroup;
			children = (
				8E7EBE4C2D3E3AD000C7C017 /* Components ViewModel */,
				8E7EBE4A2D3E3A1800C7C017 /* LoginRegisterScreenViewModel.swift */,
			);
			path = ViewModel;
			sourceTree = "<group>";
		};
		8E7EBE4C2D3E3AD000C7C017 /* Components ViewModel */ = {
			isa = PBXGroup;
			children = (
				8E7EBE4D2D3E3AE500C7C017 /* RegisterFormViewModel.swift */,
				8E863BA12D3F76A8001773F4 /* LoginFormViewModel.swift */,
			);
			path = "Components ViewModel";
			sourceTree = "<group>";
		};
		8E7EBE4F2D3E406400C7C017 /* Modifiers */ = {
			isa = PBXGroup;
			children = (
				8E7EBE502D3E409500C7C017 /* StyledTextField.swift */,
			);
			path = Modifiers;
			sourceTree = "<group>";
		};
/* End PBXGroup section */

/* Begin PBXNativeTarget section */
		8E65F7402D3D2BDF00D3A793 /* TeachME */ = {
			isa = PBXNativeTarget;
			buildConfigurationList = 8E65F74F2D3D2BE100D3A793 /* Build configuration list for PBXNativeTarget "TeachME" */;
			buildPhases = (
				8E65F73D2D3D2BDF00D3A793 /* Sources */,
				8E65F73E2D3D2BDF00D3A793 /* Frameworks */,
				8E65F73F2D3D2BDF00D3A793 /* Resources */,
			);
			buildRules = (
			);
			dependencies = (
			);
			name = TeachME;
			productName = TeachME;
			productReference = 8E65F7412D3D2BDF00D3A793 /* TeachME.app */;
			productType = "com.apple.product-type.application";
		};
/* End PBXNativeTarget section */

/* Begin PBXProject section */
		8E65F7392D3D2BDF00D3A793 /* Project object */ = {
			isa = PBXProject;
			attributes = {
				BuildIndependentTargetsInParallel = 1;
				LastSwiftUpdateCheck = 1520;
				LastUpgradeCheck = 1520;
				TargetAttributes = {
					8E65F7402D3D2BDF00D3A793 = {
						CreatedOnToolsVersion = 15.2;
					};
				};
			};
			buildConfigurationList = 8E65F73C2D3D2BDF00D3A793 /* Build configuration list for PBXProject "TeachME" */;
			compatibilityVersion = "Xcode 14.0";
			developmentRegion = en;
			hasScannedForEncodings = 0;
			knownRegions = (
				en,
				Base,
			);
			mainGroup = 8E65F7382D3D2BDF00D3A793;
			productRefGroup = 8E65F7422D3D2BDF00D3A793 /* Products */;
			projectDirPath = "";
			projectRoot = "";
			targets = (
				8E65F7402D3D2BDF00D3A793 /* TeachME */,
			);
		};
/* End PBXProject section */

/* Begin PBXResourcesBuildPhase section */
		8E65F73F2D3D2BDF00D3A793 /* Resources */ = {
			isa = PBXResourcesBuildPhase;
			buildActionMask = 2147483647;
			files = (
				8E65F74C2D3D2BE100D3A793 /* Preview Assets.xcassets in Resources */,
				8E65F7492D3D2BE100D3A793 /* Assets.xcassets in Resources */,
			);
			runOnlyForDeploymentPostprocessing = 0;
		};
/* End PBXResourcesBuildPhase section */

/* Begin PBXSourcesBuildPhase section */
		8E65F73D2D3D2BDF00D3A793 /* Sources */ = {
			isa = PBXSourcesBuildPhase;
			buildActionMask = 2147483647;
			files = (
				8E75D4462D3E2ED20082F5FE /* ColorPalette.swift in Sources */,
				8E75D43C2D3E24270082F5FE /* RegisterFields.swift in Sources */,
				8E7EBE4E2D3E3AE500C7C017 /* RegisterFormViewModel.swift in Sources */,
				8E65F7472D3D2BDF00D3A793 /* ContentView.swift in Sources */,
				8E7EBE4B2D3E3A1800C7C017 /* LoginRegisterScreenViewModel.swift in Sources */,
				8E3427AD2D3E649900A38A2D /* FontConstants.swift in Sources */,
				8E7EBE532D3E417100C7C017 /* SpacingConstants.swift in Sources */,
				8E75D4432D3E2DF90082F5FE /* LoginRegisterScreen.swift in Sources */,
				8E65F7452D3D2BDF00D3A793 /* TeachMEApp.swift in Sources */,
				8E75D4392D3E233F0082F5FE /* RegisterForm.swift in Sources */,
				8E863BA22D3F76A8001773F4 /* LoginFormViewModel.swift in Sources */,
				8E7EBE552D3E420200C7C017 /* RadiusConstants.swift in Sources */,
				8E863BA42D3F7796001773F4 /* LoginFields.swift in Sources */,
				8E863BA02D3F7617001773F4 /* LoginForm.swift in Sources */,
				8E7EBE512D3E409500C7C017 /* StyledTextField.swift in Sources */,
				8E75D4412D3E268B0082F5FE /* Role.swift in Sources */,
			);
			runOnlyForDeploymentPostprocessing = 0;
		};
/* End PBXSourcesBuildPhase section */

/* Begin XCBuildConfiguration section */
		8E65F74D2D3D2BE100D3A793 /* Debug */ = {
			isa = XCBuildConfiguration;
			buildSettings = {
				ALWAYS_SEARCH_USER_PATHS = NO;
				ASSETCATALOG_COMPILER_GENERATE_SWIFT_ASSET_SYMBOL_EXTENSIONS = YES;
				CLANG_ANALYZER_NONNULL = YES;
				CLANG_ANALYZER_NUMBER_OBJECT_CONVERSION = YES_AGGRESSIVE;
				CLANG_CXX_LANGUAGE_STANDARD = "gnu++20";
				CLANG_ENABLE_MODULES = YES;
				CLANG_ENABLE_OBJC_ARC = YES;
				CLANG_ENABLE_OBJC_WEAK = YES;
				CLANG_WARN_BLOCK_CAPTURE_AUTORELEASING = YES;
				CLANG_WARN_BOOL_CONVERSION = YES;
				CLANG_WARN_COMMA = YES;
				CLANG_WARN_CONSTANT_CONVERSION = YES;
				CLANG_WARN_DEPRECATED_OBJC_IMPLEMENTATIONS = YES;
				CLANG_WARN_DIRECT_OBJC_ISA_USAGE = YES_ERROR;
				CLANG_WARN_DOCUMENTATION_COMMENTS = YES;
				CLANG_WARN_EMPTY_BODY = YES;
				CLANG_WARN_ENUM_CONVERSION = YES;
				CLANG_WARN_INFINITE_RECURSION = YES;
				CLANG_WARN_INT_CONVERSION = YES;
				CLANG_WARN_NON_LITERAL_NULL_CONVERSION = YES;
				CLANG_WARN_OBJC_IMPLICIT_RETAIN_SELF = YES;
				CLANG_WARN_OBJC_LITERAL_CONVERSION = YES;
				CLANG_WARN_OBJC_ROOT_CLASS = YES_ERROR;
				CLANG_WARN_QUOTED_INCLUDE_IN_FRAMEWORK_HEADER = YES;
				CLANG_WARN_RANGE_LOOP_ANALYSIS = YES;
				CLANG_WARN_STRICT_PROTOTYPES = YES;
				CLANG_WARN_SUSPICIOUS_MOVE = YES;
				CLANG_WARN_UNGUARDED_AVAILABILITY = YES_AGGRESSIVE;
				CLANG_WARN_UNREACHABLE_CODE = YES;
				CLANG_WARN__DUPLICATE_METHOD_MATCH = YES;
				COPY_PHASE_STRIP = NO;
				DEBUG_INFORMATION_FORMAT = dwarf;
				ENABLE_STRICT_OBJC_MSGSEND = YES;
				ENABLE_TESTABILITY = YES;
				ENABLE_USER_SCRIPT_SANDBOXING = YES;
				GCC_C_LANGUAGE_STANDARD = gnu17;
				GCC_DYNAMIC_NO_PIC = NO;
				GCC_NO_COMMON_BLOCKS = YES;
				GCC_OPTIMIZATION_LEVEL = 0;
				GCC_PREPROCESSOR_DEFINITIONS = (
					"DEBUG=1",
					"$(inherited)",
				);
				GCC_WARN_64_TO_32_BIT_CONVERSION = YES;
				GCC_WARN_ABOUT_RETURN_TYPE = YES_ERROR;
				GCC_WARN_UNDECLARED_SELECTOR = YES;
				GCC_WARN_UNINITIALIZED_AUTOS = YES_AGGRESSIVE;
				GCC_WARN_UNUSED_FUNCTION = YES;
				GCC_WARN_UNUSED_VARIABLE = YES;
				IPHONEOS_DEPLOYMENT_TARGET = 17.2;
				LOCALIZATION_PREFERS_STRING_CATALOGS = YES;
				MTL_ENABLE_DEBUG_INFO = INCLUDE_SOURCE;
				MTL_FAST_MATH = YES;
				ONLY_ACTIVE_ARCH = YES;
				SDKROOT = iphoneos;
				SWIFT_ACTIVE_COMPILATION_CONDITIONS = "DEBUG $(inherited)";
				SWIFT_OPTIMIZATION_LEVEL = "-Onone";
			};
			name = Debug;
		};
		8E65F74E2D3D2BE100D3A793 /* Release */ = {
			isa = XCBuildConfiguration;
			buildSettings = {
				ALWAYS_SEARCH_USER_PATHS = NO;
				ASSETCATALOG_COMPILER_GENERATE_SWIFT_ASSET_SYMBOL_EXTENSIONS = YES;
				CLANG_ANALYZER_NONNULL = YES;
				CLANG_ANALYZER_NUMBER_OBJECT_CONVERSION = YES_AGGRESSIVE;
				CLANG_CXX_LANGUAGE_STANDARD = "gnu++20";
				CLANG_ENABLE_MODULES = YES;
				CLANG_ENABLE_OBJC_ARC = YES;
				CLANG_ENABLE_OBJC_WEAK = YES;
				CLANG_WARN_BLOCK_CAPTURE_AUTORELEASING = YES;
				CLANG_WARN_BOOL_CONVERSION = YES;
				CLANG_WARN_COMMA = YES;
				CLANG_WARN_CONSTANT_CONVERSION = YES;
				CLANG_WARN_DEPRECATED_OBJC_IMPLEMENTATIONS = YES;
				CLANG_WARN_DIRECT_OBJC_ISA_USAGE = YES_ERROR;
				CLANG_WARN_DOCUMENTATION_COMMENTS = YES;
				CLANG_WARN_EMPTY_BODY = YES;
				CLANG_WARN_ENUM_CONVERSION = YES;
				CLANG_WARN_INFINITE_RECURSION = YES;
				CLANG_WARN_INT_CONVERSION = YES;
				CLANG_WARN_NON_LITERAL_NULL_CONVERSION = YES;
				CLANG_WARN_OBJC_IMPLICIT_RETAIN_SELF = YES;
				CLANG_WARN_OBJC_LITERAL_CONVERSION = YES;
				CLANG_WARN_OBJC_ROOT_CLASS = YES_ERROR;
				CLANG_WARN_QUOTED_INCLUDE_IN_FRAMEWORK_HEADER = YES;
				CLANG_WARN_RANGE_LOOP_ANALYSIS = YES;
				CLANG_WARN_STRICT_PROTOTYPES = YES;
				CLANG_WARN_SUSPICIOUS_MOVE = YES;
				CLANG_WARN_UNGUARDED_AVAILABILITY = YES_AGGRESSIVE;
				CLANG_WARN_UNREACHABLE_CODE = YES;
				CLANG_WARN__DUPLICATE_METHOD_MATCH = YES;
				COPY_PHASE_STRIP = NO;
				DEBUG_INFORMATION_FORMAT = "dwarf-with-dsym";
				ENABLE_NS_ASSERTIONS = NO;
				ENABLE_STRICT_OBJC_MSGSEND = YES;
				ENABLE_USER_SCRIPT_SANDBOXING = YES;
				GCC_C_LANGUAGE_STANDARD = gnu17;
				GCC_NO_COMMON_BLOCKS = YES;
				GCC_WARN_64_TO_32_BIT_CONVERSION = YES;
				GCC_WARN_ABOUT_RETURN_TYPE = YES_ERROR;
				GCC_WARN_UNDECLARED_SELECTOR = YES;
				GCC_WARN_UNINITIALIZED_AUTOS = YES_AGGRESSIVE;
				GCC_WARN_UNUSED_FUNCTION = YES;
				GCC_WARN_UNUSED_VARIABLE = YES;
				IPHONEOS_DEPLOYMENT_TARGET = 17.2;
				LOCALIZATION_PREFERS_STRING_CATALOGS = YES;
				MTL_ENABLE_DEBUG_INFO = NO;
				MTL_FAST_MATH = YES;
				SDKROOT = iphoneos;
				SWIFT_COMPILATION_MODE = wholemodule;
				VALIDATE_PRODUCT = YES;
			};
			name = Release;
		};
		8E65F7502D3D2BE100D3A793 /* Debug */ = {
			isa = XCBuildConfiguration;
			buildSettings = {
				ASSETCATALOG_COMPILER_APPICON_NAME = AppIcon;
				ASSETCATALOG_COMPILER_GLOBAL_ACCENT_COLOR_NAME = AccentColor;
				CODE_SIGN_STYLE = Automatic;
				CURRENT_PROJECT_VERSION = 1;
				DEVELOPMENT_ASSET_PATHS = "\"TeachME/Preview Content\"";
				ENABLE_PREVIEWS = YES;
				GENERATE_INFOPLIST_FILE = YES;
				INFOPLIST_KEY_UIApplicationSceneManifest_Generation = YES;
				INFOPLIST_KEY_UIApplicationSupportsIndirectInputEvents = YES;
				INFOPLIST_KEY_UILaunchScreen_Generation = YES;
				INFOPLIST_KEY_UISupportedInterfaceOrientations_iPad = "UIInterfaceOrientationPortrait UIInterfaceOrientationPortraitUpsideDown UIInterfaceOrientationLandscapeLeft UIInterfaceOrientationLandscapeRight";
				INFOPLIST_KEY_UISupportedInterfaceOrientations_iPhone = "UIInterfaceOrientationPortrait UIInterfaceOrientationLandscapeLeft UIInterfaceOrientationLandscapeRight";
				LD_RUNPATH_SEARCH_PATHS = (
					"$(inherited)",
					"@executable_path/Frameworks",
				);
				MARKETING_VERSION = 1.0;
				PRODUCT_BUNDLE_IDENTIFIER = com.victorgeorgiev.TeachME;
				PRODUCT_NAME = "$(TARGET_NAME)";
				SWIFT_EMIT_LOC_STRINGS = YES;
				SWIFT_VERSION = 5.0;
				TARGETED_DEVICE_FAMILY = "1,2";
			};
			name = Debug;
		};
		8E65F7512D3D2BE100D3A793 /* Release */ = {
			isa = XCBuildConfiguration;
			buildSettings = {
				ASSETCATALOG_COMPILER_APPICON_NAME = AppIcon;
				ASSETCATALOG_COMPILER_GLOBAL_ACCENT_COLOR_NAME = AccentColor;
				CODE_SIGN_STYLE = Automatic;
				CURRENT_PROJECT_VERSION = 1;
				DEVELOPMENT_ASSET_PATHS = "\"TeachME/Preview Content\"";
				ENABLE_PREVIEWS = YES;
				GENERATE_INFOPLIST_FILE = YES;
				INFOPLIST_KEY_UIApplicationSceneManifest_Generation = YES;
				INFOPLIST_KEY_UIApplicationSupportsIndirectInputEvents = YES;
				INFOPLIST_KEY_UILaunchScreen_Generation = YES;
				INFOPLIST_KEY_UISupportedInterfaceOrientations_iPad = "UIInterfaceOrientationPortrait UIInterfaceOrientationPortraitUpsideDown UIInterfaceOrientationLandscapeLeft UIInterfaceOrientationLandscapeRight";
				INFOPLIST_KEY_UISupportedInterfaceOrientations_iPhone = "UIInterfaceOrientationPortrait UIInterfaceOrientationLandscapeLeft UIInterfaceOrientationLandscapeRight";
				LD_RUNPATH_SEARCH_PATHS = (
					"$(inherited)",
					"@executable_path/Frameworks",
				);
				MARKETING_VERSION = 1.0;
				PRODUCT_BUNDLE_IDENTIFIER = com.victorgeorgiev.TeachME;
				PRODUCT_NAME = "$(TARGET_NAME)";
				SWIFT_EMIT_LOC_STRINGS = YES;
				SWIFT_VERSION = 5.0;
				TARGETED_DEVICE_FAMILY = "1,2";
			};
			name = Release;
		};
/* End XCBuildConfiguration section */

/* Begin XCConfigurationList section */
		8E65F73C2D3D2BDF00D3A793 /* Build configuration list for PBXProject "TeachME" */ = {
			isa = XCConfigurationList;
			buildConfigurations = (
				8E65F74D2D3D2BE100D3A793 /* Debug */,
				8E65F74E2D3D2BE100D3A793 /* Release */,
			);
			defaultConfigurationIsVisible = 0;
			defaultConfigurationName = Release;
		};
		8E65F74F2D3D2BE100D3A793 /* Build configuration list for PBXNativeTarget "TeachME" */ = {
			isa = XCConfigurationList;
			buildConfigurations = (
				8E65F7502D3D2BE100D3A793 /* Debug */,
				8E65F7512D3D2BE100D3A793 /* Release */,
			);
			defaultConfigurationIsVisible = 0;
			defaultConfigurationName = Release;
		};
/* End XCConfigurationList section */
	};
	rootObject = 8E65F7392D3D2BDF00D3A793 /* Project object */;
}
